// !$*UTF8*$!
{
	archiveVersion = 1;
	classes = {
	};
	objectVersion = 50;
	objects = {

/* Begin PBXBuildFile section */
		0C596F3020E4C027008C11C7 /* AppDelegate.m in Sources */ = {isa = PBXBuildFile; fileRef = 0C596F2F20E4C027008C11C7 /* AppDelegate.m */; };
		0C596F3320E4C027008C11C7 /* ViewController.m in Sources */ = {isa = PBXBuildFile; fileRef = 0C596F3220E4C027008C11C7 /* ViewController.m */; };
		0C596F3620E4C027008C11C7 /* Main.storyboard in Resources */ = {isa = PBXBuildFile; fileRef = 0C596F3420E4C027008C11C7 /* Main.storyboard */; };
		0C596F3820E4C028008C11C7 /* Assets.xcassets in Resources */ = {isa = PBXBuildFile; fileRef = 0C596F3720E4C028008C11C7 /* Assets.xcassets */; };
		0C596F3B20E4C028008C11C7 /* LaunchScreen.storyboard in Resources */ = {isa = PBXBuildFile; fileRef = 0C596F3920E4C028008C11C7 /* LaunchScreen.storyboard */; };
		0C596F3E20E4C028008C11C7 /* main.m in Sources */ = {isa = PBXBuildFile; fileRef = 0C596F3D20E4C028008C11C7 /* main.m */; };
		0C596F6220E4C053008C11C7 /* CLCacheManager.m in Sources */ = {isa = PBXBuildFile; fileRef = 0C596F6120E4C053008C11C7 /* CLCacheManager.m */; };
		0C596F7A20E4C09F008C11C7 /* MJPropertyType.m in Sources */ = {isa = PBXBuildFile; fileRef = 0C596F6720E4C09F008C11C7 /* MJPropertyType.m */; };
		0C596F7B20E4C09F008C11C7 /* NSObject+MJKeyValue.m in Sources */ = {isa = PBXBuildFile; fileRef = 0C596F6A20E4C09F008C11C7 /* NSObject+MJKeyValue.m */; };
		0C596F7C20E4C09F008C11C7 /* MJProperty.m in Sources */ = {isa = PBXBuildFile; fileRef = 0C596F6B20E4C09F008C11C7 /* MJProperty.m */; };
		0C596F7D20E4C09F008C11C7 /* NSObject+MJCoding.m in Sources */ = {isa = PBXBuildFile; fileRef = 0C596F6D20E4C09F008C11C7 /* NSObject+MJCoding.m */; };
		0C596F7E20E4C09F008C11C7 /* MJExtensionConst.m in Sources */ = {isa = PBXBuildFile; fileRef = 0C596F6F20E4C09F008C11C7 /* MJExtensionConst.m */; };
		0C596F7F20E4C09F008C11C7 /* NSObject+MJProperty.m in Sources */ = {isa = PBXBuildFile; fileRef = 0C596F7020E4C09F008C11C7 /* NSObject+MJProperty.m */; };
		0C596F8020E4C09F008C11C7 /* NSObject+MJClass.m in Sources */ = {isa = PBXBuildFile; fileRef = 0C596F7220E4C09F008C11C7 /* NSObject+MJClass.m */; };
		0C596F8120E4C09F008C11C7 /* NSString+MJExtension.m in Sources */ = {isa = PBXBuildFile; fileRef = 0C596F7320E4C09F008C11C7 /* NSString+MJExtension.m */; };
		0C596F8220E4C09F008C11C7 /* MJPropertyKey.m in Sources */ = {isa = PBXBuildFile; fileRef = 0C596F7420E4C09F008C11C7 /* MJPropertyKey.m */; };
		0C596F8420E4C09F008C11C7 /* MJFoundation.m in Sources */ = {isa = PBXBuildFile; fileRef = 0C596F7920E4C09F008C11C7 /* MJFoundation.m */; };
		0C91996321030E0C005D3A6A /* TestModelA.m in Sources */ = {isa = PBXBuildFile; fileRef = 0C91996221030E0C005D3A6A /* TestModelA.m */; };
		0C91996621030E18005D3A6A /* TestModelB.m in Sources */ = {isa = PBXBuildFile; fileRef = 0C91996521030E18005D3A6A /* TestModelB.m */; };
/* End PBXBuildFile section */

/* Begin PBXFileReference section */
		0C596F2B20E4C027008C11C7 /* CLLocalization.app */ = {isa = PBXFileReference; explicitFileType = wrapper.application; includeInIndex = 0; path = CLLocalization.app; sourceTree = BUILT_PRODUCTS_DIR; };
		0C596F2E20E4C027008C11C7 /* AppDelegate.h */ = {isa = PBXFileReference; lastKnownFileType = sourcecode.c.h; path = AppDelegate.h; sourceTree = "<group>"; };
		0C596F2F20E4C027008C11C7 /* AppDelegate.m */ = {isa = PBXFileReference; lastKnownFileType = sourcecode.c.objc; path = AppDelegate.m; sourceTree = "<group>"; };
		0C596F3120E4C027008C11C7 /* ViewController.h */ = {isa = PBXFileReference; lastKnownFileType = sourcecode.c.h; path = ViewController.h; sourceTree = "<group>"; };
		0C596F3220E4C027008C11C7 /* ViewController.m */ = {isa = PBXFileReference; lastKnownFileType = sourcecode.c.objc; path = ViewController.m; sourceTree = "<group>"; };
		0C596F3520E4C027008C11C7 /* Base */ = {isa = PBXFileReference; lastKnownFileType = file.storyboard; name = Base; path = Base.lproj/Main.storyboard; sourceTree = "<group>"; };
		0C596F3720E4C028008C11C7 /* Assets.xcassets */ = {isa = PBXFileReference; lastKnownFileType = folder.assetcatalog; path = Assets.xcassets; sourceTree = "<group>"; };
		0C596F3A20E4C028008C11C7 /* Base */ = {isa = PBXFileReference; lastKnownFileType = file.storyboard; name = Base; path = Base.lproj/LaunchScreen.storyboard; sourceTree = "<group>"; };
		0C596F3C20E4C028008C11C7 /* Info.plist */ = {isa = PBXFileReference; lastKnownFileType = text.plist.xml; path = Info.plist; sourceTree = "<group>"; };
		0C596F3D20E4C028008C11C7 /* main.m */ = {isa = PBXFileReference; lastKnownFileType = sourcecode.c.objc; path = main.m; sourceTree = "<group>"; };
		0C596F6020E4C053008C11C7 /* CLCacheManager.h */ = {isa = PBXFileReference; fileEncoding = 4; lastKnownFileType = sourcecode.c.h; path = CLCacheManager.h; sourceTree = "<group>"; };
		0C596F6120E4C053008C11C7 /* CLCacheManager.m */ = {isa = PBXFileReference; fileEncoding = 4; lastKnownFileType = sourcecode.c.objc; path = CLCacheManager.m; sourceTree = "<group>"; };
		0C596F6420E4C09F008C11C7 /* MJPropertyKey.h */ = {isa = PBXFileReference; fileEncoding = 4; lastKnownFileType = sourcecode.c.h; path = MJPropertyKey.h; sourceTree = "<group>"; };
		0C596F6520E4C09F008C11C7 /* NSObject+MJClass.h */ = {isa = PBXFileReference; fileEncoding = 4; lastKnownFileType = sourcecode.c.h; path = "NSObject+MJClass.h"; sourceTree = "<group>"; };
		0C596F6620E4C09F008C11C7 /* NSString+MJExtension.h */ = {isa = PBXFileReference; fileEncoding = 4; lastKnownFileType = sourcecode.c.h; path = "NSString+MJExtension.h"; sourceTree = "<group>"; };
		0C596F6720E4C09F008C11C7 /* MJPropertyType.m */ = {isa = PBXFileReference; fileEncoding = 4; lastKnownFileType = sourcecode.c.objc; path = MJPropertyType.m; sourceTree = "<group>"; };
		0C596F6820E4C09F008C11C7 /* NSObject+MJProperty.h */ = {isa = PBXFileReference; fileEncoding = 4; lastKnownFileType = sourcecode.c.h; path = "NSObject+MJProperty.h"; sourceTree = "<group>"; };
		0C596F6920E4C09F008C11C7 /* MJExtensionConst.h */ = {isa = PBXFileReference; fileEncoding = 4; lastKnownFileType = sourcecode.c.h; path = MJExtensionConst.h; sourceTree = "<group>"; };
		0C596F6A20E4C09F008C11C7 /* NSObject+MJKeyValue.m */ = {isa = PBXFileReference; fileEncoding = 4; lastKnownFileType = sourcecode.c.objc; path = "NSObject+MJKeyValue.m"; sourceTree = "<group>"; };
		0C596F6B20E4C09F008C11C7 /* MJProperty.m */ = {isa = PBXFileReference; fileEncoding = 4; lastKnownFileType = sourcecode.c.objc; path = MJProperty.m; sourceTree = "<group>"; };
		0C596F6C20E4C09F008C11C7 /* MJFoundation.h */ = {isa = PBXFileReference; fileEncoding = 4; lastKnownFileType = sourcecode.c.h; path = MJFoundation.h; sourceTree = "<group>"; };
		0C596F6D20E4C09F008C11C7 /* NSObject+MJCoding.m */ = {isa = PBXFileReference; fileEncoding = 4; lastKnownFileType = sourcecode.c.objc; path = "NSObject+MJCoding.m"; sourceTree = "<group>"; };
		0C596F6E20E4C09F008C11C7 /* MJExtension.h */ = {isa = PBXFileReference; fileEncoding = 4; lastKnownFileType = sourcecode.c.h; path = MJExtension.h; sourceTree = "<group>"; };
		0C596F6F20E4C09F008C11C7 /* MJExtensionConst.m */ = {isa = PBXFileReference; fileEncoding = 4; lastKnownFileType = sourcecode.c.objc; path = MJExtensionConst.m; sourceTree = "<group>"; };
		0C596F7020E4C09F008C11C7 /* NSObject+MJProperty.m */ = {isa = PBXFileReference; fileEncoding = 4; lastKnownFileType = sourcecode.c.objc; path = "NSObject+MJProperty.m"; sourceTree = "<group>"; };
		0C596F7120E4C09F008C11C7 /* MJPropertyType.h */ = {isa = PBXFileReference; fileEncoding = 4; lastKnownFileType = sourcecode.c.h; path = MJPropertyType.h; sourceTree = "<group>"; };
		0C596F7220E4C09F008C11C7 /* NSObject+MJClass.m */ = {isa = PBXFileReference; fileEncoding = 4; lastKnownFileType = sourcecode.c.objc; path = "NSObject+MJClass.m"; sourceTree = "<group>"; };
		0C596F7320E4C09F008C11C7 /* NSString+MJExtension.m */ = {isa = PBXFileReference; fileEncoding = 4; lastKnownFileType = sourcecode.c.objc; path = "NSString+MJExtension.m"; sourceTree = "<group>"; };
		0C596F7420E4C09F008C11C7 /* MJPropertyKey.m */ = {isa = PBXFileReference; fileEncoding = 4; lastKnownFileType = sourcecode.c.objc; path = MJPropertyKey.m; sourceTree = "<group>"; };
		0C596F7520E4C09F008C11C7 /* MJProperty.h */ = {isa = PBXFileReference; fileEncoding = 4; lastKnownFileType = sourcecode.c.h; path = MJProperty.h; sourceTree = "<group>"; };
		0C596F7620E4C09F008C11C7 /* NSObject+MJKeyValue.h */ = {isa = PBXFileReference; fileEncoding = 4; lastKnownFileType = sourcecode.c.h; path = "NSObject+MJKeyValue.h"; sourceTree = "<group>"; };
		0C596F7720E4C09F008C11C7 /* NSObject+MJCoding.h */ = {isa = PBXFileReference; fileEncoding = 4; lastKnownFileType = sourcecode.c.h; path = "NSObject+MJCoding.h"; sourceTree = "<group>"; };
		0C596F7820E4C09F008C11C7 /* Info.plist */ = {isa = PBXFileReference; fileEncoding = 4; lastKnownFileType = text.plist.xml; path = Info.plist; sourceTree = "<group>"; };
		0C596F7920E4C09F008C11C7 /* MJFoundation.m */ = {isa = PBXFileReference; fileEncoding = 4; lastKnownFileType = sourcecode.c.objc; path = MJFoundation.m; sourceTree = "<group>"; };
		0C91996121030E0C005D3A6A /* TestModelA.h */ = {isa = PBXFileReference; lastKnownFileType = sourcecode.c.h; path = TestModelA.h; sourceTree = "<group>"; };
		0C91996221030E0C005D3A6A /* TestModelA.m */ = {isa = PBXFileReference; lastKnownFileType = sourcecode.c.objc; path = TestModelA.m; sourceTree = "<group>"; };
		0C91996421030E18005D3A6A /* TestModelB.h */ = {isa = PBXFileReference; lastKnownFileType = sourcecode.c.h; path = TestModelB.h; sourceTree = "<group>"; };
		0C91996521030E18005D3A6A /* TestModelB.m */ = {isa = PBXFileReference; lastKnownFileType = sourcecode.c.objc; path = TestModelB.m; sourceTree = "<group>"; };
/* End PBXFileReference section */

/* Begin PBXFrameworksBuildPhase section */
		0C596F2820E4C027008C11C7 /* Frameworks */ = {
			isa = PBXFrameworksBuildPhase;
			buildActionMask = 2147483647;
			files = (
			);
			runOnlyForDeploymentPostprocessing = 0;
		};
/* End PBXFrameworksBuildPhase section */

/* Begin PBXGroup section */
		0C596F2220E4C027008C11C7 = {
			isa = PBXGroup;
			children = (
				0C596F2D20E4C027008C11C7 /* CLLocalization */,
				0C596F2C20E4C027008C11C7 /* Products */,
			);
			sourceTree = "<group>";
		};
		0C596F2C20E4C027008C11C7 /* Products */ = {
			isa = PBXGroup;
			children = (
				0C596F2B20E4C027008C11C7 /* CLLocalization.app */,
			);
			name = Products;
			sourceTree = "<group>";
		};
		0C596F2D20E4C027008C11C7 /* CLLocalization */ = {
			isa = PBXGroup;
			children = (
				0C596F6320E4C09F008C11C7 /* MJExtension */,
				0C596F6020E4C053008C11C7 /* CLCacheManager.h */,
				0C596F6120E4C053008C11C7 /* CLCacheManager.m */,
				0C91996121030E0C005D3A6A /* TestModelA.h */,
				0C91996221030E0C005D3A6A /* TestModelA.m */,
				0C91996421030E18005D3A6A /* TestModelB.h */,
				0C91996521030E18005D3A6A /* TestModelB.m */,
				0C596F2E20E4C027008C11C7 /* AppDelegate.h */,
				0C596F2F20E4C027008C11C7 /* AppDelegate.m */,
				0C596F3120E4C027008C11C7 /* ViewController.h */,
				0C596F3220E4C027008C11C7 /* ViewController.m */,
				0C596F3420E4C027008C11C7 /* Main.storyboard */,
				0C596F3720E4C028008C11C7 /* Assets.xcassets */,
				0C596F3920E4C028008C11C7 /* LaunchScreen.storyboard */,
				0C596F3C20E4C028008C11C7 /* Info.plist */,
				0C596F3D20E4C028008C11C7 /* main.m */,
			);
			path = CLLocalization;
			sourceTree = "<group>";
		};
		0C596F6320E4C09F008C11C7 /* MJExtension */ = {
			isa = PBXGroup;
			children = (
				0C596F6420E4C09F008C11C7 /* MJPropertyKey.h */,
				0C596F6520E4C09F008C11C7 /* NSObject+MJClass.h */,
				0C596F6620E4C09F008C11C7 /* NSString+MJExtension.h */,
				0C596F6720E4C09F008C11C7 /* MJPropertyType.m */,
				0C596F6820E4C09F008C11C7 /* NSObject+MJProperty.h */,
				0C596F6920E4C09F008C11C7 /* MJExtensionConst.h */,
				0C596F6A20E4C09F008C11C7 /* NSObject+MJKeyValue.m */,
				0C596F6B20E4C09F008C11C7 /* MJProperty.m */,
				0C596F6C20E4C09F008C11C7 /* MJFoundation.h */,
				0C596F6D20E4C09F008C11C7 /* NSObject+MJCoding.m */,
				0C596F6E20E4C09F008C11C7 /* MJExtension.h */,
				0C596F6F20E4C09F008C11C7 /* MJExtensionConst.m */,
				0C596F7020E4C09F008C11C7 /* NSObject+MJProperty.m */,
				0C596F7120E4C09F008C11C7 /* MJPropertyType.h */,
				0C596F7220E4C09F008C11C7 /* NSObject+MJClass.m */,
				0C596F7320E4C09F008C11C7 /* NSString+MJExtension.m */,
				0C596F7420E4C09F008C11C7 /* MJPropertyKey.m */,
				0C596F7520E4C09F008C11C7 /* MJProperty.h */,
				0C596F7620E4C09F008C11C7 /* NSObject+MJKeyValue.h */,
				0C596F7720E4C09F008C11C7 /* NSObject+MJCoding.h */,
				0C596F7820E4C09F008C11C7 /* Info.plist */,
				0C596F7920E4C09F008C11C7 /* MJFoundation.m */,
			);
			path = MJExtension;
			sourceTree = "<group>";
		};
/* End PBXGroup section */

/* Begin PBXNativeTarget section */
		0C596F2A20E4C027008C11C7 /* CLLocalization */ = {
			isa = PBXNativeTarget;
			buildConfigurationList = 0C596F5720E4C028008C11C7 /* Build configuration list for PBXNativeTarget "CLLocalization" */;
			buildPhases = (
				0C596F2720E4C027008C11C7 /* Sources */,
				0C596F2820E4C027008C11C7 /* Frameworks */,
				0C596F2920E4C027008C11C7 /* Resources */,
			);
			buildRules = (
			);
			dependencies = (
			);
			name = CLLocalization;
			productName = CLLocalization;
			productReference = 0C596F2B20E4C027008C11C7 /* CLLocalization.app */;
			productType = "com.apple.product-type.application";
		};
/* End PBXNativeTarget section */

/* Begin PBXProject section */
		0C596F2320E4C027008C11C7 /* Project object */ = {
			isa = PBXProject;
			attributes = {
				LastUpgradeCheck = 0940;
				ORGANIZATIONNAME = JmoVxia;
				TargetAttributes = {
					0C596F2A20E4C027008C11C7 = {
						CreatedOnToolsVersion = 9.4.1;
					};
				};
			};
			buildConfigurationList = 0C596F2620E4C027008C11C7 /* Build configuration list for PBXProject "CLLocalization" */;
			compatibilityVersion = "Xcode 9.3";
			developmentRegion = en;
			hasScannedForEncodings = 0;
			knownRegions = (
				en,
				Base,
			);
			mainGroup = 0C596F2220E4C027008C11C7;
			productRefGroup = 0C596F2C20E4C027008C11C7 /* Products */;
			projectDirPath = "";
			projectRoot = "";
			targets = (
				0C596F2A20E4C027008C11C7 /* CLLocalization */,
			);
		};
/* End PBXProject section */

/* Begin PBXResourcesBuildPhase section */
		0C596F2920E4C027008C11C7 /* Resources */ = {
			isa = PBXResourcesBuildPhase;
			buildActionMask = 2147483647;
			files = (
				0C596F3B20E4C028008C11C7 /* LaunchScreen.storyboard in Resources */,
				0C596F3820E4C028008C11C7 /* Assets.xcassets in Resources */,
				0C596F3620E4C027008C11C7 /* Main.storyboard in Resources */,
			);
			runOnlyForDeploymentPostprocessing = 0;
		};
/* End PBXResourcesBuildPhase section */

/* Begin PBXSourcesBuildPhase section */
		0C596F2720E4C027008C11C7 /* Sources */ = {
			isa = PBXSourcesBuildPhase;
			buildActionMask = 2147483647;
			files = (
				0C596F7A20E4C09F008C11C7 /* MJPropertyType.m in Sources */,
				0C596F8420E4C09F008C11C7 /* MJFoundation.m in Sources */,
				0C596F7E20E4C09F008C11C7 /* MJExtensionConst.m in Sources */,
				0C596F3320E4C027008C11C7 /* ViewController.m in Sources */,
				0C596F7C20E4C09F008C11C7 /* MJProperty.m in Sources */,
				0C596F6220E4C053008C11C7 /* CLCacheManager.m in Sources */,
				0C596F7D20E4C09F008C11C7 /* NSObject+MJCoding.m in Sources */,
				0C596F8020E4C09F008C11C7 /* NSObject+MJClass.m in Sources */,
				0C596F3E20E4C028008C11C7 /* main.m in Sources */,
				0C596F8120E4C09F008C11C7 /* NSString+MJExtension.m in Sources */,
				0C91996621030E18005D3A6A /* TestModelB.m in Sources */,
				0C91996321030E0C005D3A6A /* TestModelA.m in Sources */,
				0C596F7F20E4C09F008C11C7 /* NSObject+MJProperty.m in Sources */,
				0C596F7B20E4C09F008C11C7 /* NSObject+MJKeyValue.m in Sources */,
				0C596F8220E4C09F008C11C7 /* MJPropertyKey.m in Sources */,
				0C596F3020E4C027008C11C7 /* AppDelegate.m in Sources */,
			);
			runOnlyForDeploymentPostprocessing = 0;
		};
/* End PBXSourcesBuildPhase section */

/* Begin PBXVariantGroup section */
		0C596F3420E4C027008C11C7 /* Main.storyboard */ = {
			isa = PBXVariantGroup;
			children = (
				0C596F3520E4C027008C11C7 /* Base */,
			);
			name = Main.storyboard;
			sourceTree = "<group>";
		};
		0C596F3920E4C028008C11C7 /* LaunchScreen.storyboard */ = {
			isa = PBXVariantGroup;
			children = (
				0C596F3A20E4C028008C11C7 /* Base */,
			);
			name = LaunchScreen.storyboard;
			sourceTree = "<group>";
		};
/* End PBXVariantGroup section */

/* Begin XCBuildConfiguration section */
		0C596F5520E4C028008C11C7 /* Debug */ = {
			isa = XCBuildConfiguration;
			buildSettings = {
				ALWAYS_SEARCH_USER_PATHS = NO;
				CLANG_ANALYZER_NONNULL = YES;
				CLANG_ANALYZER_NUMBER_OBJECT_CONVERSION = YES_AGGRESSIVE;
				CLANG_CXX_LANGUAGE_STANDARD = "gnu++14";
				CLANG_CXX_LIBRARY = "libc++";
				CLANG_ENABLE_MODULES = YES;
				CLANG_ENABLE_OBJC_ARC = YES;
				CLANG_ENABLE_OBJC_WEAK = YES;
				CLANG_WARN_BLOCK_CAPTURE_AUTORELEASING = YES;
				CLANG_WARN_BOOL_CONVERSION = YES;
				CLANG_WARN_COMMA = YES;
				CLANG_WARN_CONSTANT_CONVERSION = YES;
				CLANG_WARN_DEPRECATED_OBJC_IMPLEMENTATIONS = YES;
				CLANG_WARN_DIRECT_OBJC_ISA_USAGE = YES_ERROR;
				CLANG_WARN_DOCUMENTATION_COMMENTS = YES;
				CLANG_WARN_EMPTY_BODY = YES;
				CLANG_WARN_ENUM_CONVERSION = YES;
				CLANG_WARN_INFINITE_RECURSION = YES;
				CLANG_WARN_INT_CONVERSION = YES;
				CLANG_WARN_NON_LITERAL_NULL_CONVERSION = YES;
				CLANG_WARN_OBJC_IMPLICIT_RETAIN_SELF = YES;
				CLANG_WARN_OBJC_LITERAL_CONVERSION = YES;
				CLANG_WARN_OBJC_ROOT_CLASS = YES_ERROR;
				CLANG_WARN_RANGE_LOOP_ANALYSIS = YES;
				CLANG_WARN_STRICT_PROTOTYPES = YES;
				CLANG_WARN_SUSPICIOUS_MOVE = YES;
				CLANG_WARN_UNGUARDED_AVAILABILITY = YES_AGGRESSIVE;
				CLANG_WARN_UNREACHABLE_CODE = YES;
				CLANG_WARN__DUPLICATE_METHOD_MATCH = YES;
				CODE_SIGN_IDENTITY = "iPhone Developer";
				COPY_PHASE_STRIP = NO;
				DEBUG_INFORMATION_FORMAT = dwarf;
				ENABLE_STRICT_OBJC_MSGSEND = YES;
				ENABLE_TESTABILITY = YES;
				GCC_C_LANGUAGE_STANDARD = gnu11;
				GCC_DYNAMIC_NO_PIC = NO;
				GCC_NO_COMMON_BLOCKS = YES;
				GCC_OPTIMIZATION_LEVEL = 0;
				GCC_PREPROCESSOR_DEFINITIONS = (
					"DEBUG=1",
					"$(inherited)",
				);
				GCC_WARN_64_TO_32_BIT_CONVERSION = YES;
				GCC_WARN_ABOUT_RETURN_TYPE = YES_ERROR;
				GCC_WARN_UNDECLARED_SELECTOR = YES;
				GCC_WARN_UNINITIALIZED_AUTOS = YES_AGGRESSIVE;
				GCC_WARN_UNUSED_FUNCTION = YES;
				GCC_WARN_UNUSED_VARIABLE = YES;
				IPHONEOS_DEPLOYMENT_TARGET = 11.4;
				MTL_ENABLE_DEBUG_INFO = YES;
				ONLY_ACTIVE_ARCH = YES;
				SDKROOT = iphoneos;
			};
			name = Debug;
		};
		0C596F5620E4C028008C11C7 /* Release */ = {
			isa = XCBuildConfiguration;
			buildSettings = {
				ALWAYS_SEARCH_USER_PATHS = NO;
				CLANG_ANALYZER_NONNULL = YES;
				CLANG_ANALYZER_NUMBER_OBJECT_CONVERSION = YES_AGGRESSIVE;
				CLANG_CXX_LANGUAGE_STANDARD = "gnu++14";
				CLANG_CXX_LIBRARY = "libc++";
				CLANG_ENABLE_MODULES = YES;
				CLANG_ENABLE_OBJC_ARC = YES;
				CLANG_ENABLE_OBJC_WEAK = YES;
				CLANG_WARN_BLOCK_CAPTURE_AUTORELEASING = YES;
				CLANG_WARN_BOOL_CONVERSION = YES;
				CLANG_WARN_COMMA = YES;
				CLANG_WARN_CONSTANT_CONVERSION = YES;
				CLANG_WARN_DEPRECATED_OBJC_IMPLEMENTATIONS = YES;
				CLANG_WARN_DIRECT_OBJC_ISA_USAGE = YES_ERROR;
				CLANG_WARN_DOCUMENTATION_COMMENTS = YES;
				CLANG_WARN_EMPTY_BODY = YES;
				CLANG_WARN_ENUM_CONVERSION = YES;
				CLANG_WARN_INFINITE_RECURSION = YES;
				CLANG_WARN_INT_CONVERSION = YES;
				CLANG_WARN_NON_LITERAL_NULL_CONVERSION = YES;
				CLANG_WARN_OBJC_IMPLICIT_RETAIN_SELF = YES;
				CLANG_WARN_OBJC_LITERAL_CONVERSION = YES;
				CLANG_WARN_OBJC_ROOT_CLASS = YES_ERROR;
				CLANG_WARN_RANGE_LOOP_ANALYSIS = YES;
				CLANG_WARN_STRICT_PROTOTYPES = YES;
				CLANG_WARN_SUSPICIOUS_MOVE = YES;
				CLANG_WARN_UNGUARDED_AVAILABILITY = YES_AGGRESSIVE;
				CLANG_WARN_UNREACHABLE_CODE = YES;
				CLANG_WARN__DUPLICATE_METHOD_MATCH = YES;
				CODE_SIGN_IDENTITY = "iPhone Developer";
				COPY_PHASE_STRIP = NO;
				DEBUG_INFORMATION_FORMAT = "dwarf-with-dsym";
				ENABLE_NS_ASSERTIONS = NO;
				ENABLE_STRICT_OBJC_MSGSEND = YES;
				GCC_C_LANGUAGE_STANDARD = gnu11;
				GCC_NO_COMMON_BLOCKS = YES;
				GCC_WARN_64_TO_32_BIT_CONVERSION = YES;
				GCC_WARN_ABOUT_RETURN_TYPE = YES_ERROR;
				GCC_WARN_UNDECLARED_SELECTOR = YES;
				GCC_WARN_UNINITIALIZED_AUTOS = YES_AGGRESSIVE;
				GCC_WARN_UNUSED_FUNCTION = YES;
				GCC_WARN_UNUSED_VARIABLE = YES;
				IPHONEOS_DEPLOYMENT_TARGET = 11.4;
				MTL_ENABLE_DEBUG_INFO = NO;
				SDKROOT = iphoneos;
				VALIDATE_PRODUCT = YES;
			};
			name = Release;
		};
		0C596F5820E4C028008C11C7 /* Debug */ = {
			isa = XCBuildConfiguration;
			buildSettings = {
				ASSETCATALOG_COMPILER_APPICON_NAME = AppIcon;
				CODE_SIGN_STYLE = Automatic;
				DEVELOPMENT_TEAM = KZ83WEMA2D;
				INFOPLIST_FILE = CLLocalization/Info.plist;
				LD_RUNPATH_SEARCH_PATHS = (
					"$(inherited)",
					"@executable_path/Frameworks",
				);
				PRODUCT_BUNDLE_IDENTIFIER = GZKJ.CLLocalization;
				PRODUCT_NAME = "$(TARGET_NAME)";
				TARGETED_DEVICE_FAMILY = "1,2";
			};
			name = Debug;
		};
		0C596F5920E4C028008C11C7 /* Release */ = {
			isa = XCBuildConfiguration;
			buildSettings = {
				ASSETCATALOG_COMPILER_APPICON_NAME = AppIcon;
				CODE_SIGN_STYLE = Automatic;
				DEVELOPMENT_TEAM = KZ83WEMA2D;
				INFOPLIST_FILE = CLLocalization/Info.plist;
				LD_RUNPATH_SEARCH_PATHS = (
					"$(inherited)",
					"@executable_path/Frameworks",
				);
				PRODUCT_BUNDLE_IDENTIFIER = GZKJ.CLLocalization;
				PRODUCT_NAME = "$(TARGET_NAME)";
				TARGETED_DEVICE_FAMILY = "1,2";
			};
			name = Release;
		};
/* End XCBuildConfiguration section */

/* Begin XCConfigurationList section */
		0C596F2620E4C027008C11C7 /* Build configuration list for PBXProject "CLLocalization" */ = {
			isa = XCConfigurationList;
			buildConfigurations = (
				0C596F5520E4C028008C11C7 /* Debug */,
				0C596F5620E4C028008C11C7 /* Release */,
			);
			defaultConfigurationIsVisible = 0;
			defaultConfigurationName = Release;
		};
		0C596F5720E4C028008C11C7 /* Build configuration list for PBXNativeTarget "CLLocalization" */ = {
			isa = XCConfigurationList;
			buildConfigurations = (
				0C596F5820E4C028008C11C7 /* Debug */,
				0C596F5920E4C028008C11C7 /* Release */,
			);
			defaultConfigurationIsVisible = 0;
			defaultConfigurationName = Release;
		};
/* End XCConfigurationList section */
	};
	rootObject = 0C596F2320E4C027008C11C7 /* Project object */;
}
